
Microsoft Visual Studio Solution File, Format Version 12.00
# Visual Studio Version 16
VisualStudioVersion = 16.0.29609.76
MinimumVisualStudioVersion = 10.0.40219.1
Project("{FAE04EC0-301F-11D3-BF4B-00C04F79EFBC}") = "RandomUser.UWP", "RandomUser.UWP\RandomUser.UWP.csproj", "{FE242488-7440-4511-AC4C-5C3702989D22}"
EndProject
Project("{FAE04EC0-301F-11D3-BF4B-00C04F79EFBC}") = "RandomUser.Android", "RandomUser.Android\RandomUser.Android.csproj", "{2FB35F04-8520-4B04-8081-6EB6240E128A}"
	ProjectSection(ProjectDependencies) = postProject
		{AB62B266-A961-4809-9CFF-D22C87AE0C2F} = {AB62B266-A961-4809-9CFF-D22C87AE0C2F}
	EndProjectSection
EndProject
Project("{FAE04EC0-301F-11D3-BF4B-00C04F79EFBC}") = "RandomUser.iOS", "RandomUser.iOS\RandomUser.iOS.csproj", "{CB747527-EEC5-4BD3-8713-9B319792696B}"
	ProjectSection(ProjectDependencies) = postProject
		{AB62B266-A961-4809-9CFF-D22C87AE0C2F} = {AB62B266-A961-4809-9CFF-D22C87AE0C2F}
	EndProjectSection
EndProject
Project("{9A19103F-16F7-4668-BE54-9A1E7A4F7556}") = "RandomUser", "RandomUser\RandomUser.csproj", "{13F08940-16B8-46BB-B6BF-E1ABF6522315}"
EndProject
Project("{9A19103F-16F7-4668-BE54-9A1E7A4F7556}") = "RandomUserApi", "RandomUserApi\RandomUserApi.csproj", "{AB62B266-A961-4809-9CFF-D22C87AE0C2F}"
EndProject
Global
	GlobalSection(SolutionConfigurationPlatforms) = preSolution
		Debug|Any CPU = Debug|Any CPU
		Debug|ARM = Debug|ARM
		Debug|iPhone = Debug|iPhone
		Debug|iPhoneSimulator = Debug|iPhoneSimulator
		Debug|x64 = Debug|x64
		Debug|x86 = Debug|x86
		Release|Any CPU = Release|Any CPU
		Release|ARM = Release|ARM
		Release|iPhone = Release|iPhone
		Release|iPhoneSimulator = Release|iPhoneSimulator
		Release|x64 = Release|x64
		Release|x86 = Release|x86
	EndGlobalSection
	GlobalSection(ProjectConfigurationPlatforms) = postSolution
		{FE242488-7440-4511-AC4C-5C3702989D22}.Debug|Any CPU.ActiveCfg = Debug|x86
		{FE242488-7440-4511-AC4C-5C3702989D22}.Debug|Any CPU.Build.0 = Debug|x86
		{FE242488-7440-4511-AC4C-5C3702989D22}.Debug|Any CPU.Deploy.0 = Debug|x86
		{FE242488-7440-4511-AC4C-5C3702989D22}.Debug|ARM.ActiveCfg = Debug|ARM
		{FE242488-7440-4511-AC4C-5C3702989D22}.Debug|ARM.Build.0 = Debug|ARM
		{FE242488-7440-4511-AC4C-5C3702989D22}.Debug|ARM.Deploy.0 = Debug|ARM
		{FE242488-7440-4511-AC4C-5C3702989D22}.Debug|iPhone.ActiveCfg = Debug|x86
		{FE242488-7440-4511-AC4C-5C3702989D22}.Debug|iPhone.Build.0 = Debug|x86
		{FE242488-7440-4511-AC4C-5C3702989D22}.Debug|iPhone.Deploy.0 = Debug|x86
		{FE242488-7440-4511-AC4C-5C3702989D22}.Debug|iPhoneSimulator.ActiveCfg = Debug|x86
		{FE242488-7440-4511-AC4C-5C3702989D22}.Debug|iPhoneSimulator.Build.0 = Debug|x86
		{FE242488-7440-4511-AC4C-5C3702989D22}.Debug|iPhoneSimulator.Deploy.0 = Debug|x86
		{FE242488-7440-4511-AC4C-5C3702989D22}.Debug|x64.ActiveCfg = Debug|x64
		{FE242488-7440-4511-AC4C-5C3702989D22}.Debug|x64.Build.0 = Debug|x64
		{FE242488-7440-4511-AC4C-5C3702989D22}.Debug|x64.Deploy.0 = Debug|x64
		{FE242488-7440-4511-AC4C-5C3702989D22}.Debug|x86.ActiveCfg = Debug|x86
		{FE242488-7440-4511-AC4C-5C3702989D22}.Debug|x86.Build.0 = Debug|x86
		{FE242488-7440-4511-AC4C-5C3702989D22}.Debug|x86.Deploy.0 = Debug|x86
		{FE242488-7440-4511-AC4C-5C3702989D22}.Release|Any CPU.ActiveCfg = Release|x86
		{FE242488-7440-4511-AC4C-5C3702989D22}.Release|Any CPU.Build.0 = Release|x86
		{FE242488-7440-4511-AC4C-5C3702989D22}.Release|Any CPU.Deploy.0 = Release|x86
		{FE242488-7440-4511-AC4C-5C3702989D22}.Release|ARM.ActiveCfg = Release|ARM
		{FE242488-7440-4511-AC4C-5C3702989D22}.Release|ARM.Build.0 = Release|ARM
		{FE242488-7440-4511-AC4C-5C3702989D22}.Release|ARM.Deploy.0 = Release|ARM
		{FE242488-7440-4511-AC4C-5C3702989D22}.Release|iPhone.ActiveCfg = Release|x86
		{FE242488-7440-4511-AC4C-5C3702989D22}.Release|iPhone.Build.0 = Release|x86
		{FE242488-7440-4511-AC4C-5C3702989D22}.Release|iPhone.Deploy.0 = Release|x86
		{FE242488-7440-4511-AC4C-5C3702989D22}.Release|iPhoneSimulator.ActiveCfg = Release|x86
		{FE242488-7440-4511-AC4C-5C3702989D22}.Release|iPhoneSimulator.Build.0 = Release|x86
		{FE242488-7440-4511-AC4C-5C3702989D22}.Release|iPhoneSimulator.Deploy.0 = Release|x86
		{FE242488-7440-4511-AC4C-5C3702989D22}.Release|x64.ActiveCfg = Release|x64
		{FE242488-7440-4511-AC4C-5C3702989D22}.Release|x64.Build.0 = Release|x64
		{FE242488-7440-4511-AC4C-5C3702989D22}.Release|x64.Deploy.0 = Release|x64
		{FE242488-7440-4511-AC4C-5C3702989D22}.Release|x86.ActiveCfg = Release|x86
		{FE242488-7440-4511-AC4C-5C3702989D22}.Release|x86.Build.0 = Release|x86
		{FE242488-7440-4511-AC4C-5C3702989D22}.Release|x86.Deploy.0 = Release|x86
		{2FB35F04-8520-4B04-8081-6EB6240E128A}.Debug|Any CPU.ActiveCfg = Debug|Any CPU
		{2FB35F04-8520-4B04-8081-6EB6240E128A}.Debug|Any CPU.Build.0 = Debug|Any CPU
		{2FB35F04-8520-4B04-8081-6EB6240E128A}.Debug|Any CPU.Deploy.0 = Debug|Any CPU
		{2FB35F04-8520-4B04-8081-6EB6240E128A}.Debug|ARM.ActiveCfg = Debug|Any CPU
		{2FB35F04-8520-4B04-8081-6EB6240E128A}.Debug|ARM.Build.0 = Debug|Any CPU
		{2FB35F04-8520-4B04-8081-6EB6240E128A}.Debug|ARM.Deploy.0 = Debug|Any CPU
		{2FB35F04-8520-4B04-8081-6EB6240E128A}.Debug|iPhone.ActiveCfg = Debug|Any CPU
		{2FB35F04-8520-4B04-8081-6EB6240E128A}.Debug|iPhone.Build.0 = Debug|Any CPU
		{2FB35F04-8520-4B04-8081-6EB6240E128A}.Debug|iPhone.Deploy.0 = Debug|Any CPU
		{2FB35F04-8520-4B04-8081-6EB6240E128A}.Debug|iPhoneSimulator.ActiveCfg = Debug|Any CPU
		{2FB35F04-8520-4B04-8081-6EB6240E128A}.Debug|iPhoneSimulator.Build.0 = Debug|Any CPU
		{2FB35F04-8520-4B04-8081-6EB6240E128A}.Debug|iPhoneSimulator.Deploy.0 = Debug|Any CPU
		{2FB35F04-8520-4B04-8081-6EB6240E128A}.Debug|x64.ActiveCfg = Debug|Any CPU
		{2FB35F04-8520-4B04-8081-6EB6240E128A}.Debug|x64.Build.0 = Debug|Any CPU
		{2FB35F04-8520-4B04-8081-6EB6240E128A}.Debug|x64.Deploy.0 = Debug|Any CPU
		{2FB35F04-8520-4B04-8081-6EB6240E128A}.Debug|x86.ActiveCfg = Debug|Any CPU
		{2FB35F04-8520-4B04-8081-6EB6240E128A}.Debug|x86.Build.0 = Debug|Any CPU
		{2FB35F04-8520-4B04-8081-6EB6240E128A}.Debug|x86.Deploy.0 = Debug|Any CPU
		{2FB35F04-8520-4B04-8081-6EB6240E128A}.Release|Any CPU.ActiveCfg = Release|Any CPU
		{2FB35F04-8520-4B04-8081-6EB6240E128A}.Release|Any CPU.Build.0 = Release|Any CPU
		{2FB35F04-8520-4B04-8081-6EB6240E128A}.Release|Any CPU.Deploy.0 = Release|Any CPU
		{2FB35F04-8520-4B04-8081-6EB6240E128A}.Release|ARM.ActiveCfg = Release|Any CPU
		{2FB35F04-8520-4B04-8081-6EB6240E128A}.Release|ARM.Build.0 = Release|Any CPU
		{2FB35F04-8520-4B04-8081-6EB6240E128A}.Release|ARM.Deploy.0 = Release|Any CPU
		{2FB35F04-8520-4B04-8081-6EB6240E128A}.Release|iPhone.ActiveCfg = Release|Any CPU
		{2FB35F04-8520-4B04-8081-6EB6240E128A}.Release|iPhone.Build.0 = Release|Any CPU
		{2FB35F04-8520-4B04-8081-6EB6240E128A}.Release|iPhone.Deploy.0 = Release|Any CPU
		{2FB35F04-8520-4B04-8081-6EB6240E128A}.Release|iPhoneSimulator.ActiveCfg = Release|Any CPU
		{2FB35F04-8520-4B04-8081-6EB6240E128A}.Release|iPhoneSimulator.Build.0 = Release|Any CPU
		{2FB35F04-8520-4B04-8081-6EB6240E128A}.Release|iPhoneSimulator.Deploy.0 = Release|Any CPU
		{2FB35F04-8520-4B04-8081-6EB6240E128A}.Release|x64.ActiveCfg = Release|Any CPU
		{2FB35F04-8520-4B04-8081-6EB6240E128A}.Release|x64.Build.0 = Release|Any CPU
		{2FB35F04-8520-4B04-8081-6EB6240E128A}.Release|x64.Deploy.0 = Release|Any CPU
		{2FB35F04-8520-4B04-8081-6EB6240E128A}.Release|x86.ActiveCfg = Release|Any CPU
		{2FB35F04-8520-4B04-8081-6EB6240E128A}.Release|x86.Build.0 = Release|Any CPU
		{2FB35F04-8520-4B04-8081-6EB6240E128A}.Release|x86.Deploy.0 = Release|Any CPU
		{CB747527-EEC5-4BD3-8713-9B319792696B}.Debug|Any CPU.ActiveCfg = Debug|iPhone
		{CB747527-EEC5-4BD3-8713-9B319792696B}.Debug|Any CPU.Build.0 = Debug|iPhone
		{CB747527-EEC5-4BD3-8713-9B319792696B}.Debug|Any CPU.Deploy.0 = Debug|iPhone
		{CB747527-EEC5-4BD3-8713-9B319792696B}.Debug|ARM.ActiveCfg = Debug|iPhoneSimulator
		{CB747527-EEC5-4BD3-8713-9B319792696B}.Debug|ARM.Build.0 = Debug|iPhoneSimulator
		{CB747527-EEC5-4BD3-8713-9B319792696B}.Debug|ARM.Deploy.0 = Debug|iPhoneSimulator
		{CB747527-EEC5-4BD3-8713-9B319792696B}.Debug|iPhone.ActiveCfg = Debug|iPhone
		{CB747527-EEC5-4BD3-8713-9B319792696B}.Debug|iPhone.Build.0 = Debug|iPhone
		{CB747527-EEC5-4BD3-8713-9B319792696B}.Debug|iPhone.Deploy.0 = Debug|iPhone
		{CB747527-EEC5-4BD3-8713-9B319792696B}.Debug|iPhoneSimulator.ActiveCfg = Debug|iPhoneSimulator
		{CB747527-EEC5-4BD3-8713-9B319792696B}.Debug|iPhoneSimulator.Build.0 = Debug|iPhoneSimulator
		{CB747527-EEC5-4BD3-8713-9B319792696B}.Debug|iPhoneSimulator.Deploy.0 = Debug|iPhoneSimulator
		{CB747527-EEC5-4BD3-8713-9B319792696B}.Debug|x64.ActiveCfg = Debug|iPhone
		{CB747527-EEC5-4BD3-8713-9B319792696B}.Debug|x64.Build.0 = Debug|iPhone
		{CB747527-EEC5-4BD3-8713-9B319792696B}.Debug|x64.Deploy.0 = Debug|iPhone
		{CB747527-EEC5-4BD3-8713-9B319792696B}.Debug|x86.ActiveCfg = Debug|iPhone
		{CB747527-EEC5-4BD3-8713-9B319792696B}.Debug|x86.Build.0 = Debug|iPhone
		{CB747527-EEC5-4BD3-8713-9B319792696B}.Debug|x86.Deploy.0 = Debug|iPhone
		{CB747527-EEC5-4BD3-8713-9B319792696B}.Release|Any CPU.ActiveCfg = Release|iPhone
		{CB747527-EEC5-4BD3-8713-9B319792696B}.Release|Any CPU.Build.0 = Release|iPhone
		{CB747527-EEC5-4BD3-8713-9B319792696B}.Release|Any CPU.Deploy.0 = Release|iPhone
		{CB747527-EEC5-4BD3-8713-9B319792696B}.Release|ARM.ActiveCfg = Release|iPhone
		{CB747527-EEC5-4BD3-8713-9B319792696B}.Release|ARM.Build.0 = Release|iPhone
		{CB747527-EEC5-4BD3-8713-9B319792696B}.Release|ARM.Deploy.0 = Release|iPhone
		{CB747527-EEC5-4BD3-8713-9B319792696B}.Release|iPhone.ActiveCfg = Release|iPhone
		{CB747527-EEC5-4BD3-8713-9B319792696B}.Release|iPhone.Build.0 = Release|iPhone
		{CB747527-EEC5-4BD3-8713-9B319792696B}.Release|iPhone.Deploy.0 = Release|iPhone
		{CB747527-EEC5-4BD3-8713-9B319792696B}.Release|iPhoneSimulator.ActiveCfg = Release|iPhoneSimulator
		{CB747527-EEC5-4BD3-8713-9B319792696B}.Release|iPhoneSimulator.Build.0 = Release|iPhoneSimulator
		{CB747527-EEC5-4BD3-8713-9B319792696B}.Release|iPhoneSimulator.Deploy.0 = Release|iPhoneSimulator
		{CB747527-EEC5-4BD3-8713-9B319792696B}.Release|x64.ActiveCfg = Release|iPhone
		{CB747527-EEC5-4BD3-8713-9B319792696B}.Release|x64.Build.0 = Release|iPhone
		{CB747527-EEC5-4BD3-8713-9B319792696B}.Release|x64.Deploy.0 = Release|iPhone
		{CB747527-EEC5-4BD3-8713-9B319792696B}.Release|x86.ActiveCfg = Release|iPhone
		{CB747527-EEC5-4BD3-8713-9B319792696B}.Release|x86.Build.0 = Release|iPhone
		{CB747527-EEC5-4BD3-8713-9B319792696B}.Release|x86.Deploy.0 = Release|iPhone
		{13F08940-16B8-46BB-B6BF-E1ABF6522315}.Debug|Any CPU.ActiveCfg = Debug|Any CPU
		{13F08940-16B8-46BB-B6BF-E1ABF6522315}.Debug|Any CPU.Build.0 = Debug|Any CPU
		{13F08940-16B8-46BB-B6BF-E1ABF6522315}.Debug|Any CPU.Deploy.0 = Debug|Any CPU
		{13F08940-16B8-46BB-B6BF-E1ABF6522315}.Debug|ARM.ActiveCfg = Debug|Any CPU
		{13F08940-16B8-46BB-B6BF-E1ABF6522315}.Debug|ARM.Build.0 = Debug|Any CPU
		{13F08940-16B8-46BB-B6BF-E1ABF6522315}.Debug|ARM.Deploy.0 = Debug|Any CPU
		{13F08940-16B8-46BB-B6BF-E1ABF6522315}.Debug|iPhone.ActiveCfg = Debug|Any CPU
		{13F08940-16B8-46BB-B6BF-E1ABF6522315}.Debug|iPhone.Build.0 = Debug|Any CPU
		{13F08940-16B8-46BB-B6BF-E1ABF6522315}.Debug|iPhone.Deploy.0 = Debug|Any CPU
		{13F08940-16B8-46BB-B6BF-E1ABF6522315}.Debug|iPhoneSimulator.ActiveCfg = Debug|Any CPU
		{13F08940-16B8-46BB-B6BF-E1ABF6522315}.Debug|iPhoneSimulator.Build.0 = Debug|Any CPU
		{13F08940-16B8-46BB-B6BF-E1ABF6522315}.Debug|iPhoneSimulator.Deploy.0 = Debug|Any CPU
		{13F08940-16B8-46BB-B6BF-E1ABF6522315}.Debug|x64.ActiveCfg = Debug|Any CPU
		{13F08940-16B8-46BB-B6BF-E1ABF6522315}.Debug|x64.Build.0 = Debug|Any CPU
		{13F08940-16B8-46BB-B6BF-E1ABF6522315}.Debug|x64.Deploy.0 = Debug|Any CPU
		{13F08940-16B8-46BB-B6BF-E1ABF6522315}.Debug|x86.ActiveCfg = Debug|Any CPU
		{13F08940-16B8-46BB-B6BF-E1ABF6522315}.Debug|x86.Build.0 = Debug|Any CPU
		{13F08940-16B8-46BB-B6BF-E1ABF6522315}.Debug|x86.Deploy.0 = Debug|Any CPU
		{13F08940-16B8-46BB-B6BF-E1ABF6522315}.Release|Any CPU.ActiveCfg = Release|Any CPU
		{13F08940-16B8-46BB-B6BF-E1ABF6522315}.Release|Any CPU.Build.0 = Release|Any CPU
		{13F08940-16B8-46BB-B6BF-E1ABF6522315}.Release|Any CPU.Deploy.0 = Release|Any CPU
		{13F08940-16B8-46BB-B6BF-E1ABF6522315}.Release|ARM.ActiveCfg = Release|Any CPU
		{13F08940-16B8-46BB-B6BF-E1ABF6522315}.Release|ARM.Build.0 = Release|Any CPU
		{13F08940-16B8-46BB-B6BF-E1ABF6522315}.Release|ARM.Deploy.0 = Release|Any CPU
		{13F08940-16B8-46BB-B6BF-E1ABF6522315}.Release|iPhone.ActiveCfg = Release|Any CPU
		{13F08940-16B8-46BB-B6BF-E1ABF6522315}.Release|iPhone.Build.0 = Release|Any CPU
		{13F08940-16B8-46BB-B6BF-E1ABF6522315}.Release|iPhone.Deploy.0 = Release|Any CPU
		{13F08940-16B8-46BB-B6BF-E1ABF6522315}.Release|iPhoneSimulator.ActiveCfg = Release|Any CPU
		{13F08940-16B8-46BB-B6BF-E1ABF6522315}.Release|iPhoneSimulator.Build.0 = Release|Any CPU
		{13F08940-16B8-46BB-B6BF-E1ABF6522315}.Release|iPhoneSimulator.Deploy.0 = Release|Any CPU
		{13F08940-16B8-46BB-B6BF-E1ABF6522315}.Release|x64.ActiveCfg = Release|Any CPU
		{13F08940-16B8-46BB-B6BF-E1ABF6522315}.Release|x64.Build.0 = Release|Any CPU
		{13F08940-16B8-46BB-B6BF-E1ABF6522315}.Release|x64.Deploy.0 = Release|Any CPU
		{13F08940-16B8-46BB-B6BF-E1ABF6522315}.Release|x86.ActiveCfg = Release|Any CPU
		{13F08940-16B8-46BB-B6BF-E1ABF6522315}.Release|x86.Build.0 = Release|Any CPU
		{13F08940-16B8-46BB-B6BF-E1ABF6522315}.Release|x86.Deploy.0 = Release|Any CPU
		{AB62B266-A961-4809-9CFF-D22C87AE0C2F}.Debug|Any CPU.ActiveCfg = Debug|Any CPU
		{AB62B266-A961-4809-9CFF-D22C87AE0C2F}.Debug|Any CPU.Build.0 = Debug|Any CPU
		{AB62B266-A961-4809-9CFF-D22C87AE0C2F}.Debug|ARM.ActiveCfg = Debug|Any CPU
		{AB62B266-A961-4809-9CFF-D22C87AE0C2F}.Debug|ARM.Build.0 = Debug|Any CPU
		{AB62B266-A961-4809-9CFF-D22C87AE0C2F}.Debug|iPhone.ActiveCfg = Debug|Any CPU
		{AB62B266-A961-4809-9CFF-D22C87AE0C2F}.Debug|iPhone.Build.0 = Debug|Any CPU
		{AB62B266-A961-4809-9CFF-D22C87AE0C2F}.Debug|iPhoneSimulator.ActiveCfg = Debug|Any CPU
		{AB62B266-A961-4809-9CFF-D22C87AE0C2F}.Debug|iPhoneSimulator.Build.0 = Debug|Any CPU
		{AB62B266-A961-4809-9CFF-D22C87AE0C2F}.Debug|x64.ActiveCfg = Debug|Any CPU
		{AB62B266-A961-4809-9CFF-D22C87AE0C2F}.Debug|x64.Build.0 = Debug|Any CPU
		{AB62B266-A961-4809-9CFF-D22C87AE0C2F}.Debug|x86.ActiveCfg = Debug|Any CPU
		{AB62B266-A961-4809-9CFF-D22C87AE0C2F}.Debug|x86.Build.0 = Debug|Any CPU
		{AB62B266-A961-4809-9CFF-D22C87AE0C2F}.Release|Any CPU.ActiveCfg = Release|Any CPU
		{AB62B266-A961-4809-9CFF-D22C87AE0C2F}.Release|Any CPU.Build.0 = Release|Any CPU
		{AB62B266-A961-4809-9CFF-D22C87AE0C2F}.Release|ARM.ActiveCfg = Release|Any CPU
		{AB62B266-A961-4809-9CFF-D22C87AE0C2F}.Release|ARM.Build.0 = Release|Any CPU
		{AB62B266-A961-4809-9CFF-D22C87AE0C2F}.Release|iPhone.ActiveCfg = Release|Any CPU
		{AB62B266-A961-4809-9CFF-D22C87AE0C2F}.Release|iPhone.Build.0 = Release|Any CPU
		{AB62B266-A961-4809-9CFF-D22C87AE0C2F}.Release|iPhoneSimulator.ActiveCfg = Release|Any CPU
		{AB62B266-A961-4809-9CFF-D22C87AE0C2F}.Release|iPhoneSimulator.Build.0 = Release|Any CPU
		{AB62B266-A961-4809-9CFF-D22C87AE0C2F}.Release|x64.ActiveCfg = Release|Any CPU
		{AB62B266-A961-4809-9CFF-D22C87AE0C2F}.Release|x64.Build.0 = Release|Any CPU
		{AB62B266-A961-4809-9CFF-D22C87AE0C2F}.Release|x86.ActiveCfg = Release|Any CPU
		{AB62B266-A961-4809-9CFF-D22C87AE0C2F}.Release|x86.Build.0 = Release|Any CPU
	EndGlobalSection
	GlobalSection(SolutionProperties) = preSolution
		HideSolutionNode = FALSE
	EndGlobalSection
	GlobalSection(ExtensibilityGlobals) = postSolution
		SolutionGuid = {71679BEF-CAA3-4B85-BD6B-334171893DE7}
	EndGlobalSection
	GlobalSection(MonoDevelopProperties) = preSolution
		Policies = $0
		$0.DotNetNamingPolicy = $1
		$1.DirectoryNamespaceAssociation = PrefixedHierarchical
		$0.StandardHeader = $2
		$0.VersionControlPolicy = $3
	EndGlobalSection
EndGlobal
